
Microsoft Visual Studio Solution File, Format Version 12.00
# Visual Studio Version 17
VisualStudioVersion = 17.0.32112.339
MinimumVisualStudioVersion = 10.0.40219.1
Project("{FAE04EC0-301F-11D3-BF4B-00C04F79EFBC}") = "N01520224_Hari_Assignment5", "N01520224_Hari_Assignment5\N01520224_Hari_Assignment5.csproj", "{CD164CAF-6D02-4DF6-B580-AEE3C98208B7}"
EndProject
Global
	GlobalSection(SolutionConfigurationPlatforms) = preSolution
		Debug|Any CPU = Debug|Any CPU
		Release|Any CPU = Release|Any CPU
	EndGlobalSection
	GlobalSection(ProjectConfigurationPlatforms) = postSolution
		{CD164CAF-6D02-4DF6-B580-AEE3C98208B7}.Debug|Any CPU.ActiveCfg = Debug|Any CPU
		{CD164CAF-6D02-4DF6-B580-AEE3C98208B7}.Debug|Any CPU.Build.0 = Debug|Any CPU
		{CD164CAF-6D02-4DF6-B580-AEE3C98208B7}.Release|Any CPU.ActiveCfg = Release|Any CPU
		{CD164CAF-6D02-4DF6-B580-AEE3C98208B7}.Release|Any CPU.Build.0 = Release|Any CPU
	EndGlobalSection
	GlobalSection(SolutionProperties) = preSolution
		HideSolutionNode = FALSE
	EndGlobalSection
	GlobalSection(ExtensibilityGlobals) = postSolution
		SolutionGuid = {C71BC8C8-2CFE-4407-BCC8-14C68FE89C8B}
	EndGlobalSection
EndGlobal
